<?xml version="1.0" encoding="UTF-8"?>
<Project ToolsVersion="15.0" xmlns="http://schemas.microsoft.com/developer/msbuild/2003">
  <ItemGroup>
    <ClCompile Include="C:\Users\rohit\Desktop\AssignTTT(1)\AssignTTT\SupportCode\src\Utils\GDraw.cpp">
      <Filter>Source Files</Filter>
    </ClCompile>
    <ClCompile Include="C:\Users\rohit\Desktop\AssignTTT(1)\AssignTTT\SupportCode\src\Utils\GManager.cpp">
      <Filter>Source Files</Filter>
    </ClCompile>
    <ClCompile Include="C:\Users\rohit\Desktop\AssignTTT(1)\AssignTTT\SupportCode\src\Utils\PseudoRandom.cpp">
      <Filter>Source Files</Filter>
    </ClCompile>
    <ClCompile Include="C:\Users\rohit\Desktop\AssignTTT(1)\AssignTTT\SupportCode\src\Programs\RunTTT.cpp">
      <Filter>Source Files</Filter>
    </ClCompile>
    <ClCompile Include="C:\Users\rohit\Desktop\AssignTTT(1)\AssignTTT\SupportCode\src\Programs\TTT.cpp">
      <Filter>Source Files</Filter>
    </ClCompile>
  </ItemGroup>
  <ItemGroup>
    <CustomBuild Include="C:\Users\rohit\Desktop\AssignTTT(1)\AssignTTT\SupportCode\CMakeLists.txt" />
  </ItemGroup>
  <ItemGroup>
    <Filter Include="Source Files">
      <UniqueIdentifier>{3B8C4FCC-B03B-3476-A05D-1FA133BD55D9}</UniqueIdentifier>
    </Filter>
  </ItemGroup>
</Project>
